
Microsoft Visual Studio Solution File, Format Version 12.00
# Visual Studio Version 16
VisualStudioVersion = 16.0.32106.194
MinimumVisualStudioVersion = 10.0.40219.1
Project("{FAE04EC0-301F-11D3-BF4B-00C04F79EFBC}") = "StringInterpolation", "StringInterpolation\StringInterpolation.csproj", "{991B6350-D378-4930-A89A-B6F5EF002BB9}"
EndProject
Global
	GlobalSection(SolutionConfigurationPlatforms) = preSolution
		Debug|Any CPU = Debug|Any CPU
		Release|Any CPU = Release|Any CPU
	EndGlobalSection
	GlobalSection(ProjectConfigurationPlatforms) = postSolution
		{991B6350-D378-4930-A89A-B6F5EF002BB9}.Debug|Any CPU.ActiveCfg = Debug|Any CPU
		{991B6350-D378-4930-A89A-B6F5EF002BB9}.Debug|Any CPU.Build.0 = Debug|Any CPU
		{991B6350-D378-4930-A89A-B6F5EF002BB9}.Release|Any CPU.ActiveCfg = Release|Any CPU
		{991B6350-D378-4930-A89A-B6F5EF002BB9}.Release|Any CPU.Build.0 = Release|Any CPU
	EndGlobalSection
	GlobalSection(SolutionProperties) = preSolution
		HideSolutionNode = FALSE
	EndGlobalSection
	GlobalSection(ExtensibilityGlobals) = postSolution
		SolutionGuid = {81B63FCF-776A-4604-8F27-30A99A5E7A2F}
	EndGlobalSection
EndGlobal
